Microsoft Visual Studio Solution File, Format Version 12.00
# Visual Studio Version 17
VisualStudioVersion = 17.5.2.0
MinimumVisualStudioVersion = 10.0.40219.1
Project("{FAE04EC0-301F-11D3-BF4B-00C04F79EFBC}") = "Contacts.Application", "Contacts.Application.csproj", "{9985EE3F-A96D-FFD7-2FE3-C9A40A06023C}"
EndProject
Global
	GlobalSection(SolutionConfigurationPlatforms) = preSolution
		Debug|Any CPU = Debug|Any CPU
		Release|Any CPU = Release|Any CPU
	EndGlobalSection
	GlobalSection(ProjectConfigurationPlatforms) = postSolution
		{9985EE3F-A96D-FFD7-2FE3-C9A40A06023C}.Debug|Any CPU.ActiveCfg = Debug|Any CPU
		{9985EE3F-A96D-FFD7-2FE3-C9A40A06023C}.Debug|Any CPU.Build.0 = Debug|Any CPU
		{9985EE3F-A96D-FFD7-2FE3-C9A40A06023C}.Release|Any CPU.ActiveCfg = Release|Any CPU
		{9985EE3F-A96D-FFD7-2FE3-C9A40A06023C}.Release|Any CPU.Build.0 = Release|Any CPU
	EndGlobalSection
	GlobalSection(SolutionProperties) = preSolution
		HideSolutionNode = FALSE
	EndGlobalSection
	GlobalSection(ExtensibilityGlobals) = postSolution
		SolutionGuid = {875CDEC6-A7CE-4950-932A-8045D58C5086}
	EndGlobalSection
EndGlobal
